// !$*UTF8*$!
{
	archiveVersion = 1;
	classes = {
	};
	objectVersion = 50;
	objects = {

/* Begin PBXBuildFile section */
		2BDA28442157DD150005CB39 /* game.cpp in Sources */ = {isa = PBXBuildFile; fileRef = 2BDA28422157DD150005CB39 /* game.cpp */; };
		2BF4A84B2156496E00F5B5CD /* application.c in Sources */ = {isa = PBXBuildFile; fileRef = 2BF4A84A2156496E00F5B5CD /* application.c */; };
		2BF4A8532156497A00F5B5CD /* sokol.m in Sources */ = {isa = PBXBuildFile; fileRef = 2BF4A84C2156497A00F5B5CD /* sokol.m */; };
/* End PBXBuildFile section */

/* Begin PBXFileReference section */
		2BDA28402157CC1B0005CB39 /* stb_image.h */ = {isa = PBXFileReference; fileEncoding = 4; lastKnownFileType = sourcecode.c.h; name = stb_image.h; path = ../../source/external/stb_image.h; sourceTree = "<group>"; };
		2BDA28422157DD150005CB39 /* game.cpp */ = {isa = PBXFileReference; fileEncoding = 4; lastKnownFileType = sourcecode.cpp.cpp; name = game.cpp; path = ../../source/game.cpp; sourceTree = "<group>"; };
		2BDA28432157DD150005CB39 /* game.h */ = {isa = PBXFileReference; fileEncoding = 4; lastKnownFileType = sourcecode.c.h; name = game.h; path = ../../source/game.h; sourceTree = "<group>"; };
		2BF4A836215648DE00F5B5CD /* dod-playground.app */ = {isa = PBXFileReference; explicitFileType = wrapper.application; includeInIndex = 0; path = "dod-playground.app"; sourceTree = BUILT_PRODUCTS_DIR; };
		2BF4A84A2156496E00F5B5CD /* application.c */ = {isa = PBXFileReference; fileEncoding = 4; lastKnownFileType = sourcecode.c.c; name = application.c; path = ../../source/application.c; sourceTree = "<group>"; };
		2BF4A84C2156497A00F5B5CD /* sokol.m */ = {isa = PBXFileReference; fileEncoding = 4; lastKnownFileType = sourcecode.c.objc; name = sokol.m; path = ../../source/external/sokol.m; sourceTree = "<group>"; };
		2BF4A84D2156497A00F5B5CD /* sokol_app.h */ = {isa = PBXFileReference; fileEncoding = 4; lastKnownFileType = sourcecode.c.h; name = sokol_app.h; path = ../../source/external/sokol_app.h; sourceTree = "<group>"; };
		2BF4A84F2156497A00F5B5CD /* sokol_gfx.h */ = {isa = PBXFileReference; fileEncoding = 4; lastKnownFileType = sourcecode.c.h; name = sokol_gfx.h; path = ../../source/external/sokol_gfx.h; sourceTree = "<group>"; };
		2BF4A8512156497A00F5B5CD /* sokol_time.h */ = {isa = PBXFileReference; fileEncoding = 4; lastKnownFileType = sourcecode.c.h; name = sokol_time.h; path = ../../source/external/sokol_time.h; sourceTree = "<group>"; };
		2BF4A8522156497A00F5B5CD /* stb_easy_font.h */ = {isa = PBXFileReference; fileEncoding = 4; lastKnownFileType = sourcecode.c.h; name = stb_easy_font.h; path = ../../source/external/stb_easy_font.h; sourceTree = "<group>"; };
/* End PBXFileReference section */

/* Begin PBXFrameworksBuildPhase section */
		2BF4A833215648DE00F5B5CD /* Frameworks */ = {
			isa = PBXFrameworksBuildPhase;
			buildActionMask = 2147483647;
			files = (
			);
			runOnlyForDeploymentPostprocessing = 0;
		};
/* End PBXFrameworksBuildPhase section */

/* Begin PBXGroup section */
		2BDA283F2157CA660005CB39 /* externals */ = {
			isa = PBXGroup;
			children = (
				2BDA28402157CC1B0005CB39 /* stb_image.h */,
				2BF4A84D2156497A00F5B5CD /* sokol_app.h */,
				2BF4A84F2156497A00F5B5CD /* sokol_gfx.h */,
				2BF4A8512156497A00F5B5CD /* sokol_time.h */,
				2BF4A84C2156497A00F5B5CD /* sokol.m */,
				2BF4A8522156497A00F5B5CD /* stb_easy_font.h */,
			);
			name = externals;
			sourceTree = "<group>";
		};
		2BF4A82D215648DE00F5B5CD = {
			isa = PBXGroup;
			children = (
				2BDA28422157DD150005CB39 /* game.cpp */,
				2BDA28432157DD150005CB39 /* game.h */,
				2BF4A84A2156496E00F5B5CD /* application.c */,
				2BDA283F2157CA660005CB39 /* externals */,
				2BF4A837215648DE00F5B5CD /* Products */,
			);
			sourceTree = "<group>";
		};
		2BF4A837215648DE00F5B5CD /* Products */ = {
			isa = PBXGroup;
			children = (
				2BF4A836215648DE00F5B5CD /* dod-playground.app */,
			);
			name = Products;
			sourceTree = "<group>";
		};
/* End PBXGroup section */

/* Begin PBXNativeTarget section */
		2BF4A835215648DE00F5B5CD /* dod-playground */ = {
			isa = PBXNativeTarget;
			buildConfigurationList = 2BF4A847215648DF00F5B5CD /* Build configuration list for PBXNativeTarget "dod-playground" */;
			buildPhases = (
				2BF4A832215648DE00F5B5CD /* Sources */,
				2BF4A833215648DE00F5B5CD /* Frameworks */,
				2BF4A834215648DE00F5B5CD /* Resources */,
			);
			buildRules = (
			);
			dependencies = (
			);
			name = "dod-playground";
			productName = "dod-playground";
			productReference = 2BF4A836215648DE00F5B5CD /* dod-playground.app */;
			productType = "com.apple.product-type.application";
		};
/* End PBXNativeTarget section */

/* Begin PBXProject section */
		2BF4A82E215648DE00F5B5CD /* Project object */ = {
			isa = PBXProject;
			attributes = {
				LastUpgradeCheck = 0940;
				ORGANIZATIONNAME = "Aras Pranckevicius";
				TargetAttributes = {
					2BF4A835215648DE00F5B5CD = {
						CreatedOnToolsVersion = 9.4.1;
					};
				};
			};
			buildConfigurationList = 2BF4A831215648DE00F5B5CD /* Build configuration list for PBXProject "dod-playground" */;
			compatibilityVersion = "Xcode 9.3";
			developmentRegion = en;
			hasScannedForEncodings = 0;
			knownRegions = (
				en,
				Base,
			);
			mainGroup = 2BF4A82D215648DE00F5B5CD;
			productRefGroup = 2BF4A837215648DE00F5B5CD /* Products */;
			projectDirPath = "";
			projectRoot = "";
			targets = (
				2BF4A835215648DE00F5B5CD /* dod-playground */,
			);
		};
/* End PBXProject section */

/* Begin PBXResourcesBuildPhase section */
		2BF4A834215648DE00F5B5CD /* Resources */ = {
			isa = PBXResourcesBuildPhase;
			buildActionMask = 2147483647;
			files = (
			);
			runOnlyForDeploymentPostprocessing = 0;
		};
/* End PBXResourcesBuildPhase section */

/* Begin PBXSourcesBuildPhase section */
		2BF4A832215648DE00F5B5CD /* Sources */ = {
			isa = PBXSourcesBuildPhase;
			buildActionMask = 2147483647;
			files = (
				2BF4A8532156497A00F5B5CD /* sokol.m in Sources */,
				2BF4A84B2156496E00F5B5CD /* application.c in Sources */,
				2BDA28442157DD150005CB39 /* game.cpp in Sources */,
			);
			runOnlyForDeploymentPostprocessing = 0;
		};
/* End PBXSourcesBuildPhase section */

/* Begin XCBuildConfiguration section */
		2BF4A845215648DF00F5B5CD /* Debug */ = {
			isa = XCBuildConfiguration;
			buildSettings = {
				CLANG_ANALYZER_NONNULL = YES;
				CLANG_ANALYZER_NUMBER_OBJECT_CONVERSION = YES_AGGRESSIVE;
				CLANG_CXX_LANGUAGE_STANDARD = "gnu++14";
				CLANG_CXX_LIBRARY = "libc++";
				CLANG_ENABLE_MODULES = YES;
				CLANG_ENABLE_OBJC_ARC = YES;
				CLANG_ENABLE_OBJC_WEAK = YES;
				CLANG_WARN_BLOCK_CAPTURE_AUTORELEASING = YES;
				CLANG_WARN_BOOL_CONVERSION = YES;
				CLANG_WARN_COMMA = YES;
				CLANG_WARN_CONSTANT_CONVERSION = YES;
				CLANG_WARN_DEPRECATED_OBJC_IMPLEMENTATIONS = YES;
				CLANG_WARN_DIRECT_OBJC_ISA_USAGE = YES_ERROR;
				CLANG_WARN_DOCUMENTATION_COMMENTS = YES;
				CLANG_WARN_EMPTY_BODY = YES;
				CLANG_WARN_ENUM_CONVERSION = YES;
				CLANG_WARN_INFINITE_RECURSION = YES;
				CLANG_WARN_INT_CONVERSION = YES;
				CLANG_WARN_NON_LITERAL_NULL_CONVERSION = YES;
				CLANG_WARN_OBJC_IMPLICIT_RETAIN_SELF = YES;
				CLANG_WARN_OBJC_LITERAL_CONVERSION = YES;
				CLANG_WARN_OBJC_ROOT_CLASS = YES_ERROR;
				CLANG_WARN_RANGE_LOOP_ANALYSIS = YES;
				CLANG_WARN_STRICT_PROTOTYPES = YES;
				CLANG_WARN_SUSPICIOUS_MOVE = YES;
				CLANG_WARN_UNGUARDED_AVAILABILITY = YES_AGGRESSIVE;
				CLANG_WARN_UNREACHABLE_CODE = YES;
				CLANG_WARN__DUPLICATE_METHOD_MATCH = YES;
				COPY_PHASE_STRIP = NO;
				DEBUG_INFORMATION_FORMAT = dwarf;
				ENABLE_STRICT_OBJC_MSGSEND = YES;
				ENABLE_TESTABILITY = YES;
				GCC_C_LANGUAGE_STANDARD = gnu11;
				GCC_OPTIMIZATION_LEVEL = 0;
				GCC_PREPROCESSOR_DEFINITIONS = (
					"DEBUG=1",
					"$(inherited)",
				);
				GCC_WARN_64_TO_32_BIT_CONVERSION = YES;
				GCC_WARN_ABOUT_RETURN_TYPE = YES_ERROR;
				GCC_WARN_UNDECLARED_SELECTOR = YES;
				GCC_WARN_UNINITIALIZED_AUTOS = YES_AGGRESSIVE;
				GCC_WARN_UNUSED_FUNCTION = YES;
				GCC_WARN_UNUSED_VARIABLE = YES;
				MACOSX_DEPLOYMENT_TARGET = 10.11;
				MTL_ENABLE_DEBUG_INFO = YES;
				ONLY_ACTIVE_ARCH = YES;
				SDKROOT = macosx;
			};
			name = Debug;
		};
		2BF4A846215648DF00F5B5CD /* Release */ = {
			isa = XCBuildConfiguration;
			buildSettings = {
				CLANG_ANALYZER_NONNULL = YES;
				CLANG_ANALYZER_NUMBER_OBJECT_CONVERSION = YES_AGGRESSIVE;
				CLANG_CXX_LANGUAGE_STANDARD = "gnu++14";
				CLANG_CXX_LIBRARY = "libc++";
				CLANG_ENABLE_MODULES = YES;
				CLANG_ENABLE_OBJC_ARC = YES;
				CLANG_ENABLE_OBJC_WEAK = YES;
				CLANG_WARN_BLOCK_CAPTURE_AUTORELEASING = YES;
				CLANG_WARN_BOOL_CONVERSION = YES;
				CLANG_WARN_COMMA = YES;
				CLANG_WARN_CONSTANT_CONVERSION = YES;
				CLANG_WARN_DEPRECATED_OBJC_IMPLEMENTATIONS = YES;
				CLANG_WARN_DIRECT_OBJC_ISA_USAGE = YES_ERROR;
				CLANG_WARN_DOCUMENTATION_COMMENTS = YES;
				CLANG_WARN_EMPTY_BODY = YES;
				CLANG_WARN_ENUM_CONVERSION = YES;
				CLANG_WARN_INFINITE_RECURSION = YES;
				CLANG_WARN_INT_CONVERSION = YES;
				CLANG_WARN_NON_LITERAL_NULL_CONVERSION = YES;
				CLANG_WARN_OBJC_IMPLICIT_RETAIN_SELF = YES;
				CLANG_WARN_OBJC_LITERAL_CONVERSION = YES;
				CLANG_WARN_OBJC_ROOT_CLASS = YES_ERROR;
				CLANG_WARN_RANGE_LOOP_ANALYSIS = YES;
				CLANG_WARN_STRICT_PROTOTYPES = YES;
				CLANG_WARN_SUSPICIOUS_MOVE = YES;
				CLANG_WARN_UNGUARDED_AVAILABILITY = YES_AGGRESSIVE;
				CLANG_WARN_UNREACHABLE_CODE = YES;
				CLANG_WARN__DUPLICATE_METHOD_MATCH = YES;
				COPY_PHASE_STRIP = NO;
				DEBUG_INFORMATION_FORMAT = "dwarf-with-dsym";
				ENABLE_NS_ASSERTIONS = NO;
				ENABLE_STRICT_OBJC_MSGSEND = YES;
				GCC_C_LANGUAGE_STANDARD = gnu11;
				GCC_WARN_64_TO_32_BIT_CONVERSION = YES;
				GCC_WARN_ABOUT_RETURN_TYPE = YES_ERROR;
				GCC_WARN_UNDECLARED_SELECTOR = YES;
				GCC_WARN_UNINITIALIZED_AUTOS = YES_AGGRESSIVE;
				GCC_WARN_UNUSED_FUNCTION = YES;
				GCC_WARN_UNUSED_VARIABLE = YES;
				MACOSX_DEPLOYMENT_TARGET = 10.11;
				MTL_ENABLE_DEBUG_INFO = NO;
				SDKROOT = macosx;
			};
			name = Release;
		};
		2BF4A848215648DF00F5B5CD /* Debug */ = {
			isa = XCBuildConfiguration;
			buildSettings = {
				CODE_SIGN_STYLE = Automatic;
				COMBINE_HIDPI_IMAGES = YES;
				GCC_PREPROCESSOR_DEFINITIONS = (
					"SOKOL_METAL=1",
					"$(inherited)",
				);
				LD_RUNPATH_SEARCH_PATHS = (
					"$(inherited)",
					"@executable_path/../Frameworks",
				);
				PRODUCT_BUNDLE_IDENTIFIER = "com.aras.dod-playground";
				PRODUCT_NAME = "$(TARGET_NAME)";
			};
			name = Debug;
		};
		2BF4A849215648DF00F5B5CD /* Release */ = {
			isa = XCBuildConfiguration;
			buildSettings = {
				CODE_SIGN_STYLE = Automatic;
				COMBINE_HIDPI_IMAGES = YES;
				GCC_PREPROCESSOR_DEFINITIONS = (
					"SOKOL_METAL=1",
					"$(inherited)",
				);
				LD_RUNPATH_SEARCH_PATHS = (
					"$(inherited)",
					"@executable_path/../Frameworks",
				);
				PRODUCT_BUNDLE_IDENTIFIER = "com.aras.dod-playground";
				PRODUCT_NAME = "$(TARGET_NAME)";
			};
			name = Release;
		};
/* End XCBuildConfiguration section */

/* Begin XCConfigurationList section */
		2BF4A831215648DE00F5B5CD /* Build configuration list for PBXProject "dod-playground" */ = {
			isa = XCConfigurationList;
			buildConfigurations = (
				2BF4A845215648DF00F5B5CD /* Debug */,
				2BF4A846215648DF00F5B5CD /* Release */,
			);
			defaultConfigurationIsVisible = 0;
			defaultConfigurationName = Release;
		};
		2BF4A847215648DF00F5B5CD /* Build configuration list for PBXNativeTarget "dod-playground" */ = {
			isa = XCConfigurationList;
			buildConfigurations = (
				2BF4A848215648DF00F5B5CD /* Debug */,
				2BF4A849215648DF00F5B5CD /* Release */,
			);
			defaultConfigurationIsVisible = 0;
			defaultConfigurationName = Release;
		};
/* End XCConfigurationList section */
	};
	rootObject = 2BF4A82E215648DE00F5B5CD /* Project object */;
}
